
Microsoft Visual Studio Solution File, Format Version 12.00
# Visual Studio Version 17
VisualStudioVersion = 17.4.33103.184
MinimumVisualStudioVersion = 10.0.40219.1
Project("{FAE04EC0-301F-11D3-BF4B-00C04F79EFBC}") = "Uni Exam", "Uni Exam.csproj", "{6025E912-2370-4F21-A1CE-9240F51C0DE7}"
EndProject
Global
	GlobalSection(SolutionConfigurationPlatforms) = preSolution
		Debug|Any CPU = Debug|Any CPU
		Release|Any CPU = Release|Any CPU
	EndGlobalSection
	GlobalSection(ProjectConfigurationPlatforms) = postSolution
		{6025E912-2370-4F21-A1CE-9240F51C0DE7}.Debug|Any CPU.ActiveCfg = Debug|Any CPU
		{6025E912-2370-4F21-A1CE-9240F51C0DE7}.Debug|Any CPU.Build.0 = Debug|Any CPU
		{6025E912-2370-4F21-A1CE-9240F51C0DE7}.Release|Any CPU.ActiveCfg = Release|Any CPU
		{6025E912-2370-4F21-A1CE-9240F51C0DE7}.Release|Any CPU.Build.0 = Release|Any CPU
	EndGlobalSection
	GlobalSection(SolutionProperties) = preSolution
		HideSolutionNode = FALSE
	EndGlobalSection
	GlobalSection(ExtensibilityGlobals) = postSolution
		SolutionGuid = {900836EA-FE0E-481C-9DE5-7752AFD40879}
	EndGlobalSection
EndGlobal
